
Microsoft Visual Studio Solution File, Format Version 12.00
# Visual Studio Version 16
VisualStudioVersion = 16.0.29020.237
MinimumVisualStudioVersion = 10.0.40219.1
Project("{FAE04EC0-301F-11D3-BF4B-00C04F79EFBC}") = "WPFLearning", "WPFLearning\WPFLearning.csproj", "{B9ABF225-489E-4CDD-91AB-A2B5AD6EB749}"
EndProject
Global
	GlobalSection(SolutionConfigurationPlatforms) = preSolution
		Debug|Any CPU = Debug|Any CPU
		Release|Any CPU = Release|Any CPU
	EndGlobalSection
	GlobalSection(ProjectConfigurationPlatforms) = postSolution
		{B9ABF225-489E-4CDD-91AB-A2B5AD6EB749}.Debug|Any CPU.ActiveCfg = Debug|Any CPU
		{B9ABF225-489E-4CDD-91AB-A2B5AD6EB749}.Debug|Any CPU.Build.0 = Debug|Any CPU
		{B9ABF225-489E-4CDD-91AB-A2B5AD6EB749}.Release|Any CPU.ActiveCfg = Release|Any CPU
		{B9ABF225-489E-4CDD-91AB-A2B5AD6EB749}.Release|Any CPU.Build.0 = Release|Any CPU
	EndGlobalSection
	GlobalSection(SolutionProperties) = preSolution
		HideSolutionNode = FALSE
	EndGlobalSection
	GlobalSection(ExtensibilityGlobals) = postSolution
		SolutionGuid = {13A1596A-B157-4C67-B418-3A005A04AD5D}
	EndGlobalSection
EndGlobal
