
Microsoft Visual Studio Solution File, Format Version 12.00
# Visual Studio Version 16
VisualStudioVersion = 16.0.29020.237
MinimumVisualStudioVersion = 10.0.40219.1
Project("{FAE04EC0-301F-11D3-BF4B-00C04F79EFBC}") = "Torun", "Torun\Torun.csproj", "{D7D442D4-C8FE-4FD8-A580-3E623A7103A9}"
EndProject
Global
	GlobalSection(SolutionConfigurationPlatforms) = preSolution
		Debug|Any CPU = Debug|Any CPU
		Release|Any CPU = Release|Any CPU
	EndGlobalSection
	GlobalSection(ProjectConfigurationPlatforms) = postSolution
		{D7D442D4-C8FE-4FD8-A580-3E623A7103A9}.Debug|Any CPU.ActiveCfg = Debug|Any CPU
		{D7D442D4-C8FE-4FD8-A580-3E623A7103A9}.Debug|Any CPU.Build.0 = Debug|Any CPU
		{D7D442D4-C8FE-4FD8-A580-3E623A7103A9}.Release|Any CPU.ActiveCfg = Release|Any CPU
		{D7D442D4-C8FE-4FD8-A580-3E623A7103A9}.Release|Any CPU.Build.0 = Release|Any CPU
	EndGlobalSection
	GlobalSection(SolutionProperties) = preSolution
		HideSolutionNode = FALSE
	EndGlobalSection
	GlobalSection(ExtensibilityGlobals) = postSolution
		SolutionGuid = {3C2D8A90-BB65-42CC-BBDB-64DF594F6807}
	EndGlobalSection
EndGlobal
